
Microsoft Visual Studio Solution File, Format Version 12.00
# Visual Studio Version 16
VisualStudioVersion = 16.0.31005.135
MinimumVisualStudioVersion = 10.0.40219.1
Project("{FAE04EC0-301F-11D3-BF4B-00C04F79EFBC}") = "christmas", "christmas\christmas.csproj", "{EC608193-B372-4877-9B6A-FFDE3A168E87}"
EndProject
Global
	GlobalSection(SolutionConfigurationPlatforms) = preSolution
		Debug|Any CPU = Debug|Any CPU
		Release|Any CPU = Release|Any CPU
	EndGlobalSection
	GlobalSection(ProjectConfigurationPlatforms) = postSolution
		{EC608193-B372-4877-9B6A-FFDE3A168E87}.Debug|Any CPU.ActiveCfg = Debug|Any CPU
		{EC608193-B372-4877-9B6A-FFDE3A168E87}.Debug|Any CPU.Build.0 = Debug|Any CPU
		{EC608193-B372-4877-9B6A-FFDE3A168E87}.Release|Any CPU.ActiveCfg = Release|Any CPU
		{EC608193-B372-4877-9B6A-FFDE3A168E87}.Release|Any CPU.Build.0 = Release|Any CPU
	EndGlobalSection
	GlobalSection(SolutionProperties) = preSolution
		HideSolutionNode = FALSE
	EndGlobalSection
	GlobalSection(ExtensibilityGlobals) = postSolution
		SolutionGuid = {3740042D-4A78-4BCD-BC68-2E66F6B46B89}
	EndGlobalSection
EndGlobal
